
Microsoft Visual Studio Solution File, Format Version 12.00
# Visual Studio Version 17
VisualStudioVersion = 17.3.32922.545
MinimumVisualStudioVersion = 10.0.40219.1
Project("{FAE04EC0-301F-11D3-BF4B-00C04F79EFBC}") = "WATERWebsite", "WATERWebsite\WATERWebsite.csproj", "{395F5311-CA85-453C-B1B3-1CB2601265B2}"
EndProject
Global
	GlobalSection(SolutionConfigurationPlatforms) = preSolution
		Debug|Any CPU = Debug|Any CPU
		Release|Any CPU = Release|Any CPU
	EndGlobalSection
	GlobalSection(ProjectConfigurationPlatforms) = postSolution
		{395F5311-CA85-453C-B1B3-1CB2601265B2}.Debug|Any CPU.ActiveCfg = Debug|Any CPU
		{395F5311-CA85-453C-B1B3-1CB2601265B2}.Debug|Any CPU.Build.0 = Debug|Any CPU
		{395F5311-CA85-453C-B1B3-1CB2601265B2}.Release|Any CPU.ActiveCfg = Release|Any CPU
		{395F5311-CA85-453C-B1B3-1CB2601265B2}.Release|Any CPU.Build.0 = Release|Any CPU
	EndGlobalSection
	GlobalSection(SolutionProperties) = preSolution
		HideSolutionNode = FALSE
	EndGlobalSection
	GlobalSection(ExtensibilityGlobals) = postSolution
		SolutionGuid = {295342D3-F6B7-478C-AC5D-F4DA8E9DA304}
	EndGlobalSection
EndGlobal
